
Microsoft Visual Studio Solution File, Format Version 12.00
# Visual Studio Version 17
VisualStudioVersion = 17.5.33530.505
MinimumVisualStudioVersion = 10.0.40219.1
Project("{FAE04EC0-301F-11D3-BF4B-00C04F79EFBC}") = "AssetManagerBackend", "AssetManagerBackend.csproj", "{F06E92E2-D03E-4530-8804-E30F9A8E96DB}"
EndProject
Global
	GlobalSection(SolutionConfigurationPlatforms) = preSolution
		Debug|Any CPU = Debug|Any CPU
		Release|Any CPU = Release|Any CPU
	EndGlobalSection
	GlobalSection(ProjectConfigurationPlatforms) = postSolution
		{F06E92E2-D03E-4530-8804-E30F9A8E96DB}.Debug|Any CPU.ActiveCfg = Debug|Any CPU
		{F06E92E2-D03E-4530-8804-E30F9A8E96DB}.Debug|Any CPU.Build.0 = Debug|Any CPU
		{F06E92E2-D03E-4530-8804-E30F9A8E96DB}.Release|Any CPU.ActiveCfg = Release|Any CPU
		{F06E92E2-D03E-4530-8804-E30F9A8E96DB}.Release|Any CPU.Build.0 = Release|Any CPU
	EndGlobalSection
	GlobalSection(SolutionProperties) = preSolution
		HideSolutionNode = FALSE
	EndGlobalSection
	GlobalSection(ExtensibilityGlobals) = postSolution
		SolutionGuid = {3E00D993-0541-4A9F-89EC-2438CC475F63}
	EndGlobalSection
EndGlobal
